
Microsoft Visual Studio Solution File, Format Version 12.00
# Visual Studio Version 17
VisualStudioVersion = 17.8.34316.72
MinimumVisualStudioVersion = 10.0.40219.1
Project("{9A19103F-16F7-4668-BE54-9A1E7A4F7556}") = "Qotd.Api", "Qotd.Server\Qotd.Api.csproj", "{B1CBDD3F-45FB-4FE2-B671-41F8520C7E76}"
EndProject
Project("{54A90642-561A-4BB1-A94E-469ADEE60C69}") = "qotd.client", "qotd.client\qotd.client.esproj", "{138586F8-4E5A-4046-B318-E186E79E7DED}"
EndProject
Project("{9A19103F-16F7-4668-BE54-9A1E7A4F7556}") = "Qotd.Application", "Qotd.Application\Qotd.Application.csproj", "{AF26AFEC-BA2E-4FB3-BAA3-24063170C47A}"
EndProject
Project("{9A19103F-16F7-4668-BE54-9A1E7A4F7556}") = "Qotd.Infrastructure", "Qotd.Infrastructure\Qotd.Infrastructure.csproj", "{5573B0FD-0D4F-40BC-8ADD-7584B36E9A80}"
EndProject
Project("{2150E333-8FDC-42A3-9474-1A3956D46DE8}") = "Solution Items", "Solution Items", "{52C308B8-A3A1-4619-949D-CB22AD38F934}"
	ProjectSection(SolutionItems) = preProject
		.gitignore = .gitignore
		README.md = README.md
	EndProjectSection
EndProject
Project("{FAE04EC0-301F-11D3-BF4B-00C04F79EFBC}") = "Qotd.UnitTests", "test\Qotd.UnitTests\Qotd.UnitTests.csproj", "{F7FE82ED-EA63-476B-8440-A07778E3037B}"
EndProject
Project("{2150E333-8FDC-42A3-9474-1A3956D46DE8}") = "test", "test", "{4477B052-8B24-47E9-BCC6-BDB089B96336}"
EndProject
Global
	GlobalSection(SolutionConfigurationPlatforms) = preSolution
		Debug|Any CPU = Debug|Any CPU
		Release|Any CPU = Release|Any CPU
	EndGlobalSection
	GlobalSection(ProjectConfigurationPlatforms) = postSolution
		{B1CBDD3F-45FB-4FE2-B671-41F8520C7E76}.Debug|Any CPU.ActiveCfg = Debug|Any CPU
		{B1CBDD3F-45FB-4FE2-B671-41F8520C7E76}.Debug|Any CPU.Build.0 = Debug|Any CPU
		{B1CBDD3F-45FB-4FE2-B671-41F8520C7E76}.Release|Any CPU.ActiveCfg = Release|Any CPU
		{B1CBDD3F-45FB-4FE2-B671-41F8520C7E76}.Release|Any CPU.Build.0 = Release|Any CPU
		{138586F8-4E5A-4046-B318-E186E79E7DED}.Debug|Any CPU.ActiveCfg = Debug|Any CPU
		{138586F8-4E5A-4046-B318-E186E79E7DED}.Debug|Any CPU.Build.0 = Debug|Any CPU
		{138586F8-4E5A-4046-B318-E186E79E7DED}.Debug|Any CPU.Deploy.0 = Debug|Any CPU
		{138586F8-4E5A-4046-B318-E186E79E7DED}.Release|Any CPU.ActiveCfg = Release|Any CPU
		{138586F8-4E5A-4046-B318-E186E79E7DED}.Release|Any CPU.Build.0 = Release|Any CPU
		{138586F8-4E5A-4046-B318-E186E79E7DED}.Release|Any CPU.Deploy.0 = Release|Any CPU
		{AF26AFEC-BA2E-4FB3-BAA3-24063170C47A}.Debug|Any CPU.ActiveCfg = Debug|Any CPU
		{AF26AFEC-BA2E-4FB3-BAA3-24063170C47A}.Debug|Any CPU.Build.0 = Debug|Any CPU
		{AF26AFEC-BA2E-4FB3-BAA3-24063170C47A}.Release|Any CPU.ActiveCfg = Release|Any CPU
		{AF26AFEC-BA2E-4FB3-BAA3-24063170C47A}.Release|Any CPU.Build.0 = Release|Any CPU
		{5573B0FD-0D4F-40BC-8ADD-7584B36E9A80}.Debug|Any CPU.ActiveCfg = Debug|Any CPU
		{5573B0FD-0D4F-40BC-8ADD-7584B36E9A80}.Debug|Any CPU.Build.0 = Debug|Any CPU
		{5573B0FD-0D4F-40BC-8ADD-7584B36E9A80}.Release|Any CPU.ActiveCfg = Release|Any CPU
		{5573B0FD-0D4F-40BC-8ADD-7584B36E9A80}.Release|Any CPU.Build.0 = Release|Any CPU
		{F7FE82ED-EA63-476B-8440-A07778E3037B}.Debug|Any CPU.ActiveCfg = Debug|Any CPU
		{F7FE82ED-EA63-476B-8440-A07778E3037B}.Debug|Any CPU.Build.0 = Debug|Any CPU
		{F7FE82ED-EA63-476B-8440-A07778E3037B}.Release|Any CPU.ActiveCfg = Release|Any CPU
		{F7FE82ED-EA63-476B-8440-A07778E3037B}.Release|Any CPU.Build.0 = Release|Any CPU
	EndGlobalSection
	GlobalSection(SolutionProperties) = preSolution
		HideSolutionNode = FALSE
	EndGlobalSection
	GlobalSection(NestedProjects) = preSolution
		{F7FE82ED-EA63-476B-8440-A07778E3037B} = {4477B052-8B24-47E9-BCC6-BDB089B96336}
	EndGlobalSection
	GlobalSection(ExtensibilityGlobals) = postSolution
		SolutionGuid = {1BEAB195-0668-4BED-9C29-018B578B8962}
	EndGlobalSection
EndGlobal
